
Microsoft Visual Studio Solution File, Format Version 12.00
# Visual Studio Version 17
VisualStudioVersion = 17.10.34928.147
MinimumVisualStudioVersion = 10.0.40219.1
Project("{FAE04EC0-301F-11D3-BF4B-00C04F79EFBC}") = "CoCoBeachSurf_Dev", "CoCoBeachSurf_Dev\CoCoBeachSurf_Dev.csproj", "{028AF480-F011-404E-8B6D-CC1F12657F8A}"
EndProject
Project("{FAE04EC0-301F-11D3-BF4B-00C04F79EFBC}") = "AuthIntegration", "AuthIntegration\AuthIntegration.csproj", "{FC448ABA-EE04-4527-88B0-A39EB93C60F9}"
EndProject
Project("{00D1A9C2-B5F0-4AF3-8072-F6C62B433612}") = "cocosurfDB", "cocosurfDB\cocosurfDB.sqlproj", "{5865539F-78BC-4963-AC69-032C9F134642}"
EndProject
Global
	GlobalSection(SolutionConfigurationPlatforms) = preSolution
		Debug|Any CPU = Debug|Any CPU
		Release|Any CPU = Release|Any CPU
	EndGlobalSection
	GlobalSection(ProjectConfigurationPlatforms) = postSolution
		{028AF480-F011-404E-8B6D-CC1F12657F8A}.Debug|Any CPU.ActiveCfg = Debug|Any CPU
		{028AF480-F011-404E-8B6D-CC1F12657F8A}.Debug|Any CPU.Build.0 = Debug|Any CPU
		{028AF480-F011-404E-8B6D-CC1F12657F8A}.Release|Any CPU.ActiveCfg = Release|Any CPU
		{028AF480-F011-404E-8B6D-CC1F12657F8A}.Release|Any CPU.Build.0 = Release|Any CPU
		{FC448ABA-EE04-4527-88B0-A39EB93C60F9}.Debug|Any CPU.ActiveCfg = Debug|Any CPU
		{FC448ABA-EE04-4527-88B0-A39EB93C60F9}.Debug|Any CPU.Build.0 = Debug|Any CPU
		{FC448ABA-EE04-4527-88B0-A39EB93C60F9}.Release|Any CPU.ActiveCfg = Release|Any CPU
		{FC448ABA-EE04-4527-88B0-A39EB93C60F9}.Release|Any CPU.Build.0 = Release|Any CPU
		{5865539F-78BC-4963-AC69-032C9F134642}.Debug|Any CPU.ActiveCfg = Debug|Any CPU
		{5865539F-78BC-4963-AC69-032C9F134642}.Debug|Any CPU.Build.0 = Debug|Any CPU
		{5865539F-78BC-4963-AC69-032C9F134642}.Debug|Any CPU.Deploy.0 = Debug|Any CPU
		{5865539F-78BC-4963-AC69-032C9F134642}.Release|Any CPU.ActiveCfg = Release|Any CPU
		{5865539F-78BC-4963-AC69-032C9F134642}.Release|Any CPU.Build.0 = Release|Any CPU
		{5865539F-78BC-4963-AC69-032C9F134642}.Release|Any CPU.Deploy.0 = Release|Any CPU
	EndGlobalSection
	GlobalSection(SolutionProperties) = preSolution
		HideSolutionNode = FALSE
	EndGlobalSection
	GlobalSection(ExtensibilityGlobals) = postSolution
		SolutionGuid = {49425468-0CAF-41FD-A475-628D30055DA4}
	EndGlobalSection
EndGlobal
