
Microsoft Visual Studio Solution File, Format Version 12.00
# Visual Studio 15
VisualStudioVersion = 15.0.27004.2006
MinimumVisualStudioVersion = 10.0.40219.1
Project("{FAE04EC0-301F-11D3-BF4B-00C04F79EFBC}") = "CoCoBeachSurf_Dev", "CoCoBeachSurf_Dev\CoCoBeachSurf_Dev.csproj", "{028AF480-F011-404E-8B6D-CC1F12657F8A}"
EndProject
Project("{FAE04EC0-301F-11D3-BF4B-00C04F79EFBC}") = "AuthIntegration", "AuthIntegration\AuthIntegration.csproj", "{FC448ABA-EE04-4527-88B0-A39EB93C60F9}"
EndProject
Global
	GlobalSection(SolutionConfigurationPlatforms) = preSolution
		Debug|Any CPU = Debug|Any CPU
		Release|Any CPU = Release|Any CPU
	EndGlobalSection
	GlobalSection(ProjectConfigurationPlatforms) = postSolution
		{028AF480-F011-404E-8B6D-CC1F12657F8A}.Debug|Any CPU.ActiveCfg = Debug|Any CPU
		{028AF480-F011-404E-8B6D-CC1F12657F8A}.Debug|Any CPU.Build.0 = Debug|Any CPU
		{028AF480-F011-404E-8B6D-CC1F12657F8A}.Release|Any CPU.ActiveCfg = Release|Any CPU
		{028AF480-F011-404E-8B6D-CC1F12657F8A}.Release|Any CPU.Build.0 = Release|Any CPU
		{FC448ABA-EE04-4527-88B0-A39EB93C60F9}.Debug|Any CPU.ActiveCfg = Debug|Any CPU
		{FC448ABA-EE04-4527-88B0-A39EB93C60F9}.Debug|Any CPU.Build.0 = Debug|Any CPU
		{FC448ABA-EE04-4527-88B0-A39EB93C60F9}.Release|Any CPU.ActiveCfg = Release|Any CPU
		{FC448ABA-EE04-4527-88B0-A39EB93C60F9}.Release|Any CPU.Build.0 = Release|Any CPU
	EndGlobalSection
	GlobalSection(SolutionProperties) = preSolution
		HideSolutionNode = FALSE
	EndGlobalSection
	GlobalSection(ExtensibilityGlobals) = postSolution
		SolutionGuid = {49425468-0CAF-41FD-A475-628D30055DA4}
	EndGlobalSection
EndGlobal
